{
  "name": "worker",
  "version": "1.0.0",
  "lockfileVersion": 3,
  "requires": true,
  "packages": {
    "": {
      "name": "worker",
      "version": "1.0.0",
      "license": "ISC",
      "devDependencies": {
        "@cloudflare/workers-types": "^4.20260405.1"
      }
    },
    "node_modules/@cloudflare/workers-types": {
      "version": "4.20260405.1",
      "resolved": "https://registry.npmjs.org/@cloudflare/workers-types/-/workers-types-4.20260405.1.tgz",
      "integrity": "sha512-PokTmySa+D6MY01R1UfYH48korsN462NK/fl3aw47Hg7XuLuSo/RTpjT0vtWaJhJoFY5tHGOBBIbDcIc8wltLg==",
      "dev": true,
      "license": "MIT OR Apache-2.0"
    }
  }
}
